
Microsoft Visual Studio Solution File, Format Version 12.00
# Visual Studio 15
Project("{FAE04EC0-301F-11D3-BF4B-00C04F79EFBC}") = "sampleUnityProject", "sampleUnityProject.csproj", "{92DD2DFE-F55B-3FBB-A838-B575BE90ECF8}"
EndProject
Project("{FAE04EC0-301F-11D3-BF4B-00C04F79EFBC}") = "sampleUnityProject.Editor", "sampleUnityProject.Editor.csproj", "{3AC857F5-88CD-C04B-0C35-57F3B37ABE63}"
EndProject
Global
	GlobalSection(SolutionConfigurationPlatforms) = preSolution
		Debug|Any CPU = Debug|Any CPU
		Release|Any CPU = Release|Any CPU
	EndGlobalSection
	GlobalSection(ProjectConfigurationPlatforms) = postSolution
		{92DD2DFE-F55B-3FBB-A838-B575BE90ECF8}.Debug|Any CPU.ActiveCfg = Debug|Any CPU
		{92DD2DFE-F55B-3FBB-A838-B575BE90ECF8}.Debug|Any CPU.Build.0 = Debug|Any CPU
		{92DD2DFE-F55B-3FBB-A838-B575BE90ECF8}.Release|Any CPU.ActiveCfg = Release|Any CPU
		{92DD2DFE-F55B-3FBB-A838-B575BE90ECF8}.Release|Any CPU.Build.0 = Release|Any CPU
		{3AC857F5-88CD-C04B-0C35-57F3B37ABE63}.Debug|Any CPU.ActiveCfg = Debug|Any CPU
		{3AC857F5-88CD-C04B-0C35-57F3B37ABE63}.Debug|Any CPU.Build.0 = Debug|Any CPU
		{3AC857F5-88CD-C04B-0C35-57F3B37ABE63}.Release|Any CPU.ActiveCfg = Release|Any CPU
		{3AC857F5-88CD-C04B-0C35-57F3B37ABE63}.Release|Any CPU.Build.0 = Release|Any CPU
	EndGlobalSection
	GlobalSection(SolutionProperties) = preSolution
		HideSolutionNode = FALSE
	EndGlobalSection
EndGlobal
